{
  "name": "app",
  "lockfileVersion": 3,
  "requires": true,
  "packages": {
    "": {
      "dependencies": {
        "pnpm": "^9.12.3"
      }
    },
    "node_modules/pnpm": {
      "version": "9.12.3",
      "resolved": "https://registry.npmjs.org/pnpm/-/pnpm-9.12.3.tgz",
      "integrity": "sha512-zOD53pxafJW++UQWnMXf6HQav7FFB4wNUIuGgFaEiofIHmJiRstglny9f9KabAYu9z/4QNlrPIbECsks9KgT7g==",
      "bin": {
        "pnpm": "bin/pnpm.cjs",
        "pnpx": "bin/pnpx.cjs"
      },
      "engines": {
        "node": ">=18.12"
      },
      "funding": {
        "url": "https://opencollective.com/pnpm"
      }
    }
  }
}
